
Microsoft Visual Studio Solution File, Format Version 12.00
# Visual Studio Version 17
VisualStudioVersion = 17.4.33205.214
MinimumVisualStudioVersion = 10.0.40219.1
Project("{FAE04EC0-301F-11D3-BF4B-00C04F79EFBC}") = "InventoryApi", "InventoryApi\InventoryApi.csproj", "{80D6A15F-E783-4DBA-B7E4-DD9C648751C3}"
EndProject
Project("{FAE04EC0-301F-11D3-BF4B-00C04F79EFBC}") = "DataAccess", "DataAccess\DataAccess.csproj", "{0E7BC4D4-19F8-4A3B-A25C-11CD4A2B37E9}"
EndProject
Project("{00D1A9C2-B5F0-4AF3-8072-F6C62B433612}") = "InventoryDB", "InventoryDB\InventoryDB.sqlproj", "{9D1AE193-63AE-4989-87F9-1F3FF72D565F}"
EndProject
Global
	GlobalSection(SolutionConfigurationPlatforms) = preSolution
		Debug|Any CPU = Debug|Any CPU
		Release|Any CPU = Release|Any CPU
	EndGlobalSection
	GlobalSection(ProjectConfigurationPlatforms) = postSolution
		{80D6A15F-E783-4DBA-B7E4-DD9C648751C3}.Debug|Any CPU.ActiveCfg = Debug|Any CPU
		{80D6A15F-E783-4DBA-B7E4-DD9C648751C3}.Debug|Any CPU.Build.0 = Debug|Any CPU
		{80D6A15F-E783-4DBA-B7E4-DD9C648751C3}.Release|Any CPU.ActiveCfg = Release|Any CPU
		{80D6A15F-E783-4DBA-B7E4-DD9C648751C3}.Release|Any CPU.Build.0 = Release|Any CPU
		{0E7BC4D4-19F8-4A3B-A25C-11CD4A2B37E9}.Debug|Any CPU.ActiveCfg = Debug|Any CPU
		{0E7BC4D4-19F8-4A3B-A25C-11CD4A2B37E9}.Debug|Any CPU.Build.0 = Debug|Any CPU
		{0E7BC4D4-19F8-4A3B-A25C-11CD4A2B37E9}.Release|Any CPU.ActiveCfg = Release|Any CPU
		{0E7BC4D4-19F8-4A3B-A25C-11CD4A2B37E9}.Release|Any CPU.Build.0 = Release|Any CPU
		{9D1AE193-63AE-4989-87F9-1F3FF72D565F}.Debug|Any CPU.ActiveCfg = Debug|Any CPU
		{9D1AE193-63AE-4989-87F9-1F3FF72D565F}.Debug|Any CPU.Build.0 = Debug|Any CPU
		{9D1AE193-63AE-4989-87F9-1F3FF72D565F}.Debug|Any CPU.Deploy.0 = Debug|Any CPU
		{9D1AE193-63AE-4989-87F9-1F3FF72D565F}.Release|Any CPU.ActiveCfg = Release|Any CPU
		{9D1AE193-63AE-4989-87F9-1F3FF72D565F}.Release|Any CPU.Build.0 = Release|Any CPU
		{9D1AE193-63AE-4989-87F9-1F3FF72D565F}.Release|Any CPU.Deploy.0 = Release|Any CPU
	EndGlobalSection
	GlobalSection(SolutionProperties) = preSolution
		HideSolutionNode = FALSE
	EndGlobalSection
	GlobalSection(ExtensibilityGlobals) = postSolution
		SolutionGuid = {4F2844CB-4DED-4B5B-A298-2BB244E38FBD}
	EndGlobalSection
EndGlobal
